
Microsoft Visual Studio Solution File, Format Version 12.00
# Visual Studio Version 16
VisualStudioVersion = 16.0.29613.14
MinimumVisualStudioVersion = 10.0.40219.1
Project("{FAE04EC0-301F-11D3-BF4B-00C04F79EFBC}") = "demo soft", "demo soft\demo soft.csproj", "{4E380E0C-0D26-45EF-96F1-BAFAD25E0B8B}"
EndProject
Global
	GlobalSection(SolutionConfigurationPlatforms) = preSolution
		Debug|Any CPU = Debug|Any CPU
		Release|Any CPU = Release|Any CPU
	EndGlobalSection
	GlobalSection(ProjectConfigurationPlatforms) = postSolution
		{4E380E0C-0D26-45EF-96F1-BAFAD25E0B8B}.Debug|Any CPU.ActiveCfg = Debug|Any CPU
		{4E380E0C-0D26-45EF-96F1-BAFAD25E0B8B}.Debug|Any CPU.Build.0 = Debug|Any CPU
		{4E380E0C-0D26-45EF-96F1-BAFAD25E0B8B}.Release|Any CPU.ActiveCfg = Release|Any CPU
		{4E380E0C-0D26-45EF-96F1-BAFAD25E0B8B}.Release|Any CPU.Build.0 = Release|Any CPU
	EndGlobalSection
	GlobalSection(SolutionProperties) = preSolution
		HideSolutionNode = FALSE
	EndGlobalSection
	GlobalSection(ExtensibilityGlobals) = postSolution
		SolutionGuid = {F8480F11-4166-494A-9284-75E80EA8804D}
	EndGlobalSection
EndGlobal
